
Microsoft Visual Studio Solution File, Format Version 12.00
# Visual Studio Version 17
VisualStudioVersion = 17.8.34309.116
MinimumVisualStudioVersion = 10.0.40219.1
Project("{FAE04EC0-301F-11D3-BF4B-00C04F79EFBC}") = "TrackerLibrary", "TrackerLibrary\TrackerLibrary.csproj", "{C171BBCC-6E36-4F0F-8F3B-D943BE3A0251}"
EndProject
Project("{FAE04EC0-301F-11D3-BF4B-00C04F79EFBC}") = "TrackerUI", "TrackerUI\TrackerUI.csproj", "{6C6AD5D7-FA2E-4112-9113-4F528CBE3868}"
EndProject
Global
	GlobalSection(SolutionConfigurationPlatforms) = preSolution
		Debug|Any CPU = Debug|Any CPU
		Release|Any CPU = Release|Any CPU
	EndGlobalSection
	GlobalSection(ProjectConfigurationPlatforms) = postSolution
		{C171BBCC-6E36-4F0F-8F3B-D943BE3A0251}.Debug|Any CPU.ActiveCfg = Debug|Any CPU
		{C171BBCC-6E36-4F0F-8F3B-D943BE3A0251}.Debug|Any CPU.Build.0 = Debug|Any CPU
		{C171BBCC-6E36-4F0F-8F3B-D943BE3A0251}.Release|Any CPU.ActiveCfg = Release|Any CPU
		{C171BBCC-6E36-4F0F-8F3B-D943BE3A0251}.Release|Any CPU.Build.0 = Release|Any CPU
		{6C6AD5D7-FA2E-4112-9113-4F528CBE3868}.Debug|Any CPU.ActiveCfg = Debug|Any CPU
		{6C6AD5D7-FA2E-4112-9113-4F528CBE3868}.Debug|Any CPU.Build.0 = Debug|Any CPU
		{6C6AD5D7-FA2E-4112-9113-4F528CBE3868}.Release|Any CPU.ActiveCfg = Release|Any CPU
		{6C6AD5D7-FA2E-4112-9113-4F528CBE3868}.Release|Any CPU.Build.0 = Release|Any CPU
	EndGlobalSection
	GlobalSection(SolutionProperties) = preSolution
		HideSolutionNode = FALSE
	EndGlobalSection
	GlobalSection(ExtensibilityGlobals) = postSolution
		SolutionGuid = {3131B1B2-6C71-4F35-9B42-35D701186A68}
	EndGlobalSection
EndGlobal
